
Microsoft Visual Studio Solution File, Format Version 12.00
# Visual Studio Version 16
VisualStudioVersion = 16.0.31321.278
MinimumVisualStudioVersion = 10.0.40219.1
Project("{FAE04EC0-301F-11D3-BF4B-00C04F79EFBC}") = "Nobel", "Nobel\Nobel.csproj", "{765C36AC-3735-443A-9A3A-09C84718DDC6}"
EndProject
Global
	GlobalSection(SolutionConfigurationPlatforms) = preSolution
		Debug|Any CPU = Debug|Any CPU
		Release|Any CPU = Release|Any CPU
	EndGlobalSection
	GlobalSection(ProjectConfigurationPlatforms) = postSolution
		{765C36AC-3735-443A-9A3A-09C84718DDC6}.Debug|Any CPU.ActiveCfg = Debug|Any CPU
		{765C36AC-3735-443A-9A3A-09C84718DDC6}.Debug|Any CPU.Build.0 = Debug|Any CPU
		{765C36AC-3735-443A-9A3A-09C84718DDC6}.Release|Any CPU.ActiveCfg = Release|Any CPU
		{765C36AC-3735-443A-9A3A-09C84718DDC6}.Release|Any CPU.Build.0 = Release|Any CPU
	EndGlobalSection
	GlobalSection(SolutionProperties) = preSolution
		HideSolutionNode = FALSE
	EndGlobalSection
	GlobalSection(ExtensibilityGlobals) = postSolution
		SolutionGuid = {6129CE93-D2BF-4F3B-BC61-F3052D0D49D2}
	EndGlobalSection
EndGlobal
